{
  "nodes": {
    "declarative-flatpak": {
      "locked": {
        "lastModified": 1786455112,
        "narHash": "sha256-rwDASpAiEERXivdevBH4QXyhRHgBPp2c/Av4QXtFKMM=",
        "owner": "in-a-dil-emma",
        "repo": "declarative-flatpak",
        "rev": "a1173e04ef4e192960d724a9ad806bba25b5767e",
        "type": "github"
      },
      "original": {
        "owner": "in-a-dil-emma",
        "ref": "latest",
        "repo": "declarative-flatpak",
        "type": "github"
      }
    },
    "flake-compat": {
      "flake": false,
      "locked": {
        "lastModified": 1767039857,
        "narHash": "sha256-vNpUSpF5Nuw8xvDLj2KCwwksIbjua2LZCqhV1LNRDns=",
        "owner": "NixOS",
        "repo": "flake-compat",
        "rev": "5edf11c44bc78a0d334f6334cdaf7d60d732daab",
        "type": "github"
      },
      "original": {
        "owner": "NixOS",
        "repo": "flake-compat",
        "type": "github"
      }
    },
    "flake-parts": {
      "inputs": {
        "nixpkgs-lib": "nixpkgs-lib"
      },
      "locked": {
        "lastModified": 1787559586,
        "narHash": "sha256-onL0VLf9vPllmT0H/OlURIU5r5t5WIEl7t4tVNKT0Nw=",
        "owner": "hercules-ci",
        "repo": "flake-parts",
        "rev": "9d0d87172c374f89da73c1cfe6d81ae62feac1f1",
        "type": "github"
      },
      "original": {
        "owner": "hercules-ci",
        "repo": "flake-parts",
        "type": "github"
      }
    },
    "herdr": {
      "inputs": {
        "nixpkgs": [
          "nixpkgs"
        ],
        "rust-overlay": "rust-overlay"
      },
      "locked": {
        "lastModified": 1788365290,
        "narHash": "sha256-HFsyI9eGlpzDZKBQwMnHuJenmIP3K0pJdGvTYMB4kMc=",
        "owner": "ogulcancelik",
        "repo": "herdr",
        "rev": "5a2dee700eeeea68267a4d16777307632f77172f",
        "type": "github"
      },
      "original": {
        "owner": "ogulcancelik",
        "repo": "herdr",
        "type": "github"
      }
    },
    "home-manager": {
      "inputs": {
        "nixpkgs": [
          "nixpkgs"
        ]
      },
      "locked": {
        "lastModified": 1788355065,
        "narHash": "sha256-gAz5oTI7ur34CfuakQduiQd/2ZhO62Bn2XXg08nZYYQ=",
        "owner": "nix-community",
        "repo": "home-manager",
        "rev": "d9d750e4fc11c10cab2da677bdd31e427f3a3a71",
        "type": "github"
      },
      "original": {
        "owner": "nix-community",
        "repo": "home-manager",
        "type": "github"
      }
    },
    "kilocode": {
      "inputs": {
        "nixpkgs": [
          "nixpkgs"
        ]
      },
      "locked": {
        "lastModified": 1788366108,
        "narHash": "sha256-Qy1S+eacxfdQKDNbjubvHUh5cjZEqflsuDzeDye2TJ0=",
        "owner": "Kilo-Org",
        "repo": "kilocode",
        "rev": "c278fcf412840c2a41df00c50448ecd442dcca9c",
        "type": "github"
      },
      "original": {
        "owner": "Kilo-Org",
        "repo": "kilocode",
        "type": "github"
      }
    },
    "nix-cachyos-kernel": {
      "inputs": {
        "flake-compat": "flake-compat",
        "flake-parts": "flake-parts",
        "nixpkgs": "nixpkgs"
      },
      "locked": {
        "lastModified": 1788293386,
        "narHash": "sha256-33w8JNrFVqkR1sOHxxsnOX4IAZGFBX1SkUN//vptiIc=",
        "owner": "xddxdd",
        "repo": "nix-cachyos-kernel",
        "rev": "cec0952eb2b65decb90a8fc7c2f89c9da6979ebf",
        "type": "github"
      },
      "original": {
        "owner": "xddxdd",
        "ref": "release",
        "repo": "nix-cachyos-kernel",
        "type": "github"
      }
    },
    "nixpkgs": {
      "locked": {
        "lastModified": 1788227581,
        "narHash": "sha256-/ijjX74ZCe+RPnaFwCCc50B/oqLhY8JLzQ8DnbZ/8m8=",
        "owner": "NixOS",
        "repo": "nixpkgs",
        "rev": "4951e020b824ae716cbb07d0a8f771d13a2e70e1",
        "type": "github"
      },
      "original": {
        "owner": "NixOS",
        "ref": "nixos-unstable-small",
        "repo": "nixpkgs",
        "type": "github"
      }
    },
    "nixpkgs-lib": {
      "locked": {
        "lastModified": 1785031560,
        "narHash": "sha256-OmshNvn2vupOFpYinLUu+1Dnpu4n7Q5N3ggGVNHpkUI=",
        "owner": "nix-community",
        "repo": "nixpkgs.lib",
        "rev": "0e79af5e3d4dcfcd676ab5ba3f95d2e3352e078c",
        "type": "github"
      },
      "original": {
        "owner": "nix-community",
        "repo": "nixpkgs.lib",
        "type": "github"
      }
    },
    "nixpkgs_2": {
      "locked": {
        "lastModified": 1788179007,
        "narHash": "sha256-hn1oU2rue2SYK8dAr8+WNZWtbsz1S2W5mnHlSEuh3bo=",
        "owner": "nixos",
        "repo": "nixpkgs",
        "rev": "34ab99075ac4f7e40cf037eef32cb1c360bb85e9",
        "type": "github"
      },
      "original": {
        "owner": "nixos",
        "ref": "nixos-unstable",
        "repo": "nixpkgs",
        "type": "github"
      }
    },
    "root": {
      "inputs": {
        "declarative-flatpak": "declarative-flatpak",
        "herdr": "herdr",
        "home-manager": "home-manager",
        "kilocode": "kilocode",
        "nix-cachyos-kernel": "nix-cachyos-kernel",
        "nixpkgs": "nixpkgs_2",
        "vpn-confinement": "vpn-confinement",
        "waydroid-script": "waydroid-script"
      }
    },
    "rust-overlay": {
      "inputs": {
        "nixpkgs": [
          "herdr",
          "nixpkgs"
        ]
      },
      "locked": {
        "lastModified": 1783577481,
        "narHash": "sha256-EWMxOWrJ031f8f/lrcEmhTRs4npw1/5N3Hcjin846c8=",
        "owner": "oxalica",
        "repo": "rust-overlay",
        "rev": "4cdea398dc491b082dccdce0fad1ed0b75fa3394",
        "type": "github"
      },
      "original": {
        "owner": "oxalica",
        "repo": "rust-overlay",
        "type": "github"
      }
    },
    "systems": {
      "locked": {
        "lastModified": 1681028828,
        "narHash": "sha256-Vy1rq5AaRuLzOxct8nz4T6wlgyUR7zLU309k9mBC768=",
        "owner": "nix-systems",
        "repo": "default",
        "rev": "da67096a3b9bf56a91d16901293e51ba5b49a27e",
        "type": "github"
      },
      "original": {
        "owner": "nix-systems",
        "repo": "default",
        "type": "github"
      }
    },
    "vpn-confinement": {
      "flake": false,
      "locked": {
        "lastModified": 1788035501,
        "narHash": "sha256-3Xs9lCMwjvFURU7/fPEGDR5kCKvcdX2l5Fah1nZoaGQ=",
        "owner": "Maroka-chan",
        "repo": "VPN-Confinement",
        "rev": "ce8949125b698406810ea71a8bd7b567d9a0b09f",
        "type": "github"
      },
      "original": {
        "owner": "Maroka-chan",
        "repo": "VPN-Confinement",
        "type": "github"
      }
    },
    "waydroid-script": {
      "inputs": {
        "nixpkgs": [
          "nixpkgs"
        ],
        "systems": "systems"
      },
      "locked": {
        "lastModified": 1767603363,
        "narHash": "sha256-zSHZlhHJHWZRE3I5pYWhD4o8aNpa8rTiEtl2qJTuRjw=",
        "owner": "casualsnek",
        "repo": "waydroid_script",
        "rev": "d5289cfd8929e86e7f0dc89ecadcef8b66930eec",
        "type": "github"
      },
      "original": {
        "owner": "casualsnek",
        "repo": "waydroid_script",
        "type": "github"
      }
    }
  },
  "root": "root",
  "version": 7
}
